// !$*UTF8*$!
{
	archiveVersion = 1;
	classes = {
	};
	objectVersion = 46;
	objects = {

/* Begin PBXBuildFile section */
		E57146F71CB30F7500F5351B /* main.m in Sources */ = {isa = PBXBuildFile; fileRef = E57146F61CB30F7500F5351B /* main.m */; };
		E57146FA1CB30F7500F5351B /* AppDelegate.m in Sources */ = {isa = PBXBuildFile; fileRef = E57146F91CB30F7500F5351B /* AppDelegate.m */; };
		E57147001CB30F7500F5351B /* Main.storyboard in Resources */ = {isa = PBXBuildFile; fileRef = E57146FE1CB30F7500F5351B /* Main.storyboard */; };
		E57147021CB30F7500F5351B /* Assets.xcassets in Resources */ = {isa = PBXBuildFile; fileRef = E57147011CB30F7500F5351B /* Assets.xcassets */; };
		E57147051CB30F7500F5351B /* LaunchScreen.storyboard in Resources */ = {isa = PBXBuildFile; fileRef = E57147031CB30F7500F5351B /* LaunchScreen.storyboard */; };
		E57147111CB3196F00F5351B /* HomeViewController.m in Sources */ = {isa = PBXBuildFile; fileRef = E57147101CB3196F00F5351B /* HomeViewController.m */; };
		E57147141CB3197C00F5351B /* SignUpViewController.m in Sources */ = {isa = PBXBuildFile; fileRef = E57147131CB3197C00F5351B /* SignUpViewController.m */; };
		E57147171CB3199600F5351B /* EventsListViewController.m in Sources */ = {isa = PBXBuildFile; fileRef = E57147161CB3199600F5351B /* EventsListViewController.m */; };
		E571471A1CB319BD00F5351B /* MyEventViewController.m in Sources */ = {isa = PBXBuildFile; fileRef = E57147191CB319BD00F5351B /* MyEventViewController.m */; };
		E571471D1CB319CF00F5351B /* EventInfoViewController.m in Sources */ = {isa = PBXBuildFile; fileRef = E571471C1CB319CF00F5351B /* EventInfoViewController.m */; };
		E57147201CB319F000F5351B /* CreateEventViewController.m in Sources */ = {isa = PBXBuildFile; fileRef = E571471F1CB319F000F5351B /* CreateEventViewController.m */; };
		E57147231CB31A0800F5351B /* UserProfileViewController.m in Sources */ = {isa = PBXBuildFile; fileRef = E57147221CB31A0800F5351B /* UserProfileViewController.m */; };
		E57147261CB31A3700F5351B /* EventsListTableViewCell.m in Sources */ = {isa = PBXBuildFile; fileRef = E57147251CB31A3700F5351B /* EventsListTableViewCell.m */; };
		E57147291CB31A6000F5351B /* UsersCollectionViewCell.m in Sources */ = {isa = PBXBuildFile; fileRef = E57147281CB31A6000F5351B /* UsersCollectionViewCell.m */; };
		E571472C1CB31ADA00F5351B /* User.m in Sources */ = {isa = PBXBuildFile; fileRef = E571472B1CB31ADA00F5351B /* User.m */; };
		E571472F1CB31AE600F5351B /* Event.m in Sources */ = {isa = PBXBuildFile; fileRef = E571472E1CB31AE600F5351B /* Event.m */; };
		E57147321CB31AF300F5351B /* Request.m in Sources */ = {isa = PBXBuildFile; fileRef = E57147311CB31AF300F5351B /* Request.m */; };
		E57147371CB31C3A00F5351B /* DataManager.m in Sources */ = {isa = PBXBuildFile; fileRef = E57147361CB31C3A00F5351B /* DataManager.m */; };
		E571473A1CB31DF600F5351B /* MyProfileViewController.m in Sources */ = {isa = PBXBuildFile; fileRef = E57147391CB31DF600F5351B /* MyProfileViewController.m */; };
/* End PBXBuildFile section */

/* Begin PBXFileReference section */
		E57146F21CB30F7500F5351B /* MM.app */ = {isa = PBXFileReference; explicitFileType = wrapper.application; includeInIndex = 0; path = MM.app; sourceTree = BUILT_PRODUCTS_DIR; };
		E57146F61CB30F7500F5351B /* main.m */ = {isa = PBXFileReference; lastKnownFileType = sourcecode.c.objc; path = main.m; sourceTree = "<group>"; };
		E57146F81CB30F7500F5351B /* AppDelegate.h */ = {isa = PBXFileReference; lastKnownFileType = sourcecode.c.h; path = AppDelegate.h; sourceTree = "<group>"; };
		E57146F91CB30F7500F5351B /* AppDelegate.m */ = {isa = PBXFileReference; lastKnownFileType = sourcecode.c.objc; path = AppDelegate.m; sourceTree = "<group>"; };
		E57146FF1CB30F7500F5351B /* Base */ = {isa = PBXFileReference; lastKnownFileType = file.storyboard; name = Base; path = Base.lproj/Main.storyboard; sourceTree = "<group>"; };
		E57147011CB30F7500F5351B /* Assets.xcassets */ = {isa = PBXFileReference; lastKnownFileType = folder.assetcatalog; path = Assets.xcassets; sourceTree = "<group>"; };
		E57147041CB30F7500F5351B /* Base */ = {isa = PBXFileReference; lastKnownFileType = file.storyboard; name = Base; path = Base.lproj/LaunchScreen.storyboard; sourceTree = "<group>"; };
		E57147061CB30F7500F5351B /* Info.plist */ = {isa = PBXFileReference; lastKnownFileType = text.plist.xml; path = Info.plist; sourceTree = "<group>"; };
		E571470F1CB3196F00F5351B /* HomeViewController.h */ = {isa = PBXFileReference; fileEncoding = 4; lastKnownFileType = sourcecode.c.h; path = HomeViewController.h; sourceTree = "<group>"; };
		E57147101CB3196F00F5351B /* HomeViewController.m */ = {isa = PBXFileReference; fileEncoding = 4; lastKnownFileType = sourcecode.c.objc; path = HomeViewController.m; sourceTree = "<group>"; };
		E57147121CB3197C00F5351B /* SignUpViewController.h */ = {isa = PBXFileReference; fileEncoding = 4; lastKnownFileType = sourcecode.c.h; path = SignUpViewController.h; sourceTree = "<group>"; };
		E57147131CB3197C00F5351B /* SignUpViewController.m */ = {isa = PBXFileReference; fileEncoding = 4; lastKnownFileType = sourcecode.c.objc; path = SignUpViewController.m; sourceTree = "<group>"; };
		E57147151CB3199600F5351B /* EventsListViewController.h */ = {isa = PBXFileReference; fileEncoding = 4; lastKnownFileType = sourcecode.c.h; path = EventsListViewController.h; sourceTree = "<group>"; };
		E57147161CB3199600F5351B /* EventsListViewController.m */ = {isa = PBXFileReference; fileEncoding = 4; lastKnownFileType = sourcecode.c.objc; path = EventsListViewController.m; sourceTree = "<group>"; };
		E57147181CB319BD00F5351B /* MyEventViewController.h */ = {isa = PBXFileReference; fileEncoding = 4; lastKnownFileType = sourcecode.c.h; path = MyEventViewController.h; sourceTree = "<group>"; };
		E57147191CB319BD00F5351B /* MyEventViewController.m */ = {isa = PBXFileReference; fileEncoding = 4; lastKnownFileType = sourcecode.c.objc; path = MyEventViewController.m; sourceTree = "<group>"; };
		E571471B1CB319CF00F5351B /* EventInfoViewController.h */ = {isa = PBXFileReference; fileEncoding = 4; lastKnownFileType = sourcecode.c.h; path = EventInfoViewController.h; sourceTree = "<group>"; };
		E571471C1CB319CF00F5351B /* EventInfoViewController.m */ = {isa = PBXFileReference; fileEncoding = 4; lastKnownFileType = sourcecode.c.objc; path = EventInfoViewController.m; sourceTree = "<group>"; };
		E571471E1CB319F000F5351B /* CreateEventViewController.h */ = {isa = PBXFileReference; fileEncoding = 4; lastKnownFileType = sourcecode.c.h; path = CreateEventViewController.h; sourceTree = "<group>"; };
		E571471F1CB319F000F5351B /* CreateEventViewController.m */ = {isa = PBXFileReference; fileEncoding = 4; lastKnownFileType = sourcecode.c.objc; path = CreateEventViewController.m; sourceTree = "<group>"; };
		E57147211CB31A0800F5351B /* UserProfileViewController.h */ = {isa = PBXFileReference; fileEncoding = 4; lastKnownFileType = sourcecode.c.h; path = UserProfileViewController.h; sourceTree = "<group>"; };
		E57147221CB31A0800F5351B /* UserProfileViewController.m */ = {isa = PBXFileReference; fileEncoding = 4; lastKnownFileType = sourcecode.c.objc; path = UserProfileViewController.m; sourceTree = "<group>"; };
		E57147241CB31A3700F5351B /* EventsListTableViewCell.h */ = {isa = PBXFileReference; fileEncoding = 4; lastKnownFileType = sourcecode.c.h; path = EventsListTableViewCell.h; sourceTree = "<group>"; };
		E57147251CB31A3700F5351B /* EventsListTableViewCell.m */ = {isa = PBXFileReference; fileEncoding = 4; lastKnownFileType = sourcecode.c.objc; path = EventsListTableViewCell.m; sourceTree = "<group>"; };
		E57147271CB31A6000F5351B /* UsersCollectionViewCell.h */ = {isa = PBXFileReference; fileEncoding = 4; lastKnownFileType = sourcecode.c.h; path = UsersCollectionViewCell.h; sourceTree = "<group>"; };
		E57147281CB31A6000F5351B /* UsersCollectionViewCell.m */ = {isa = PBXFileReference; fileEncoding = 4; lastKnownFileType = sourcecode.c.objc; path = UsersCollectionViewCell.m; sourceTree = "<group>"; };
		E571472A1CB31ADA00F5351B /* User.h */ = {isa = PBXFileReference; fileEncoding = 4; lastKnownFileType = sourcecode.c.h; path = User.h; sourceTree = "<group>"; };
		E571472B1CB31ADA00F5351B /* User.m */ = {isa = PBXFileReference; fileEncoding = 4; lastKnownFileType = sourcecode.c.objc; path = User.m; sourceTree = "<group>"; };
		E571472D1CB31AE600F5351B /* Event.h */ = {isa = PBXFileReference; fileEncoding = 4; lastKnownFileType = sourcecode.c.h; path = Event.h; sourceTree = "<group>"; };
		E571472E1CB31AE600F5351B /* Event.m */ = {isa = PBXFileReference; fileEncoding = 4; lastKnownFileType = sourcecode.c.objc; path = Event.m; sourceTree = "<group>"; };
		E57147301CB31AF300F5351B /* Request.h */ = {isa = PBXFileReference; fileEncoding = 4; lastKnownFileType = sourcecode.c.h; path = Request.h; sourceTree = "<group>"; };
		E57147311CB31AF300F5351B /* Request.m */ = {isa = PBXFileReference; fileEncoding = 4; lastKnownFileType = sourcecode.c.objc; path = Request.m; sourceTree = "<group>"; };
		E57147351CB31C3A00F5351B /* DataManager.h */ = {isa = PBXFileReference; fileEncoding = 4; lastKnownFileType = sourcecode.c.h; path = DataManager.h; sourceTree = "<group>"; };
		E57147361CB31C3A00F5351B /* DataManager.m */ = {isa = PBXFileReference; fileEncoding = 4; lastKnownFileType = sourcecode.c.objc; path = DataManager.m; sourceTree = "<group>"; };
		E57147381CB31DF600F5351B /* MyProfileViewController.h */ = {isa = PBXFileReference; fileEncoding = 4; lastKnownFileType = sourcecode.c.h; path = MyProfileViewController.h; sourceTree = "<group>"; };
		E57147391CB31DF600F5351B /* MyProfileViewController.m */ = {isa = PBXFileReference; fileEncoding = 4; lastKnownFileType = sourcecode.c.objc; path = MyProfileViewController.m; sourceTree = "<group>"; };
/* End PBXFileReference section */

/* Begin PBXFrameworksBuildPhase section */
		E57146EF1CB30F7500F5351B /* Frameworks */ = {
			isa = PBXFrameworksBuildPhase;
			buildActionMask = 2147483647;
			files = (
			);
			runOnlyForDeploymentPostprocessing = 0;
		};
/* End PBXFrameworksBuildPhase section */

/* Begin PBXGroup section */
		E57146E91CB30F7500F5351B = {
			isa = PBXGroup;
			children = (
				E57146F41CB30F7500F5351B /* MM */,
				E57146F31CB30F7500F5351B /* Products */,
			);
			sourceTree = "<group>";
		};
		E57146F31CB30F7500F5351B /* Products */ = {
			isa = PBXGroup;
			children = (
				E57146F21CB30F7500F5351B /* MM.app */,
			);
			name = Products;
			sourceTree = "<group>";
		};
		E57146F41CB30F7500F5351B /* MM */ = {
			isa = PBXGroup;
			children = (
				E571470E1CB3192700F5351B /* UI */,
				E57147331CB31BDF00F5351B /* DataManager */,
				E571470D1CB3192100F5351B /* Controller */,
				E57147341CB31BED00F5351B /* Views */,
				E571470C1CB3191800F5351B /* Model */,
				E57146F51CB30F7500F5351B /* Supporting Files */,
			);
			path = MM;
			sourceTree = "<group>";
		};
		E57146F51CB30F7500F5351B /* Supporting Files */ = {
			isa = PBXGroup;
			children = (
				E57146F81CB30F7500F5351B /* AppDelegate.h */,
				E57146F91CB30F7500F5351B /* AppDelegate.m */,
				E57147011CB30F7500F5351B /* Assets.xcassets */,
				E57147061CB30F7500F5351B /* Info.plist */,
				E57146F61CB30F7500F5351B /* main.m */,
			);
			name = "Supporting Files";
			sourceTree = "<group>";
		};
		E571470C1CB3191800F5351B /* Model */ = {
			isa = PBXGroup;
			children = (
				E571472A1CB31ADA00F5351B /* User.h */,
				E571472B1CB31ADA00F5351B /* User.m */,
				E571472D1CB31AE600F5351B /* Event.h */,
				E571472E1CB31AE600F5351B /* Event.m */,
				E57147301CB31AF300F5351B /* Request.h */,
				E57147311CB31AF300F5351B /* Request.m */,
			);
			name = Model;
			sourceTree = "<group>";
		};
		E571470D1CB3192100F5351B /* Controller */ = {
			isa = PBXGroup;
			children = (
				E571470F1CB3196F00F5351B /* HomeViewController.h */,
				E57147101CB3196F00F5351B /* HomeViewController.m */,
				E57147121CB3197C00F5351B /* SignUpViewController.h */,
				E57147131CB3197C00F5351B /* SignUpViewController.m */,
				E57147151CB3199600F5351B /* EventsListViewController.h */,
				E57147161CB3199600F5351B /* EventsListViewController.m */,
				E571471B1CB319CF00F5351B /* EventInfoViewController.h */,
				E571471C1CB319CF00F5351B /* EventInfoViewController.m */,
				E57147181CB319BD00F5351B /* MyEventViewController.h */,
				E57147191CB319BD00F5351B /* MyEventViewController.m */,
				E57147211CB31A0800F5351B /* UserProfileViewController.h */,
				E57147221CB31A0800F5351B /* UserProfileViewController.m */,
				E571471E1CB319F000F5351B /* CreateEventViewController.h */,
				E571471F1CB319F000F5351B /* CreateEventViewController.m */,
				E57147381CB31DF600F5351B /* MyProfileViewController.h */,
				E57147391CB31DF600F5351B /* MyProfileViewController.m */,
			);
			name = Controller;
			sourceTree = "<group>";
		};
		E571470E1CB3192700F5351B /* UI */ = {
			isa = PBXGroup;
			children = (
				E57147031CB30F7500F5351B /* LaunchScreen.storyboard */,
				E57146FE1CB30F7500F5351B /* Main.storyboard */,
			);
			name = UI;
			sourceTree = "<group>";
		};
		E57147331CB31BDF00F5351B /* DataManager */ = {
			isa = PBXGroup;
			children = (
				E57147351CB31C3A00F5351B /* DataManager.h */,
				E57147361CB31C3A00F5351B /* DataManager.m */,
			);
			name = DataManager;
			sourceTree = "<group>";
		};
		E57147341CB31BED00F5351B /* Views */ = {
			isa = PBXGroup;
			children = (
				E57147241CB31A3700F5351B /* EventsListTableViewCell.h */,
				E57147251CB31A3700F5351B /* EventsListTableViewCell.m */,
				E57147271CB31A6000F5351B /* UsersCollectionViewCell.h */,
				E57147281CB31A6000F5351B /* UsersCollectionViewCell.m */,
			);
			name = Views;
			sourceTree = "<group>";
		};
/* End PBXGroup section */

/* Begin PBXNativeTarget section */
		E57146F11CB30F7500F5351B /* MM */ = {
			isa = PBXNativeTarget;
			buildConfigurationList = E57147091CB30F7500F5351B /* Build configuration list for PBXNativeTarget "MM" */;
			buildPhases = (
				E57146EE1CB30F7500F5351B /* Sources */,
				E57146EF1CB30F7500F5351B /* Frameworks */,
				E57146F01CB30F7500F5351B /* Resources */,
			);
			buildRules = (
			);
			dependencies = (
			);
			name = MM;
			productName = MM;
			productReference = E57146F21CB30F7500F5351B /* MM.app */;
			productType = "com.apple.product-type.application";
		};
/* End PBXNativeTarget section */

/* Begin PBXProject section */
		E57146EA1CB30F7500F5351B /* Project object */ = {
			isa = PBXProject;
			attributes = {
				LastUpgradeCheck = 0730;
				ORGANIZATIONNAME = "Sergio Mollica";
				TargetAttributes = {
					E57146F11CB30F7500F5351B = {
						CreatedOnToolsVersion = 7.3;
						DevelopmentTeam = KZR2N8785B;
					};
				};
			};
			buildConfigurationList = E57146ED1CB30F7500F5351B /* Build configuration list for PBXProject "MM" */;
			compatibilityVersion = "Xcode 3.2";
			developmentRegion = English;
			hasScannedForEncodings = 0;
			knownRegions = (
				en,
				Base,
			);
			mainGroup = E57146E91CB30F7500F5351B;
			productRefGroup = E57146F31CB30F7500F5351B /* Products */;
			projectDirPath = "";
			projectRoot = "";
			targets = (
				E57146F11CB30F7500F5351B /* MM */,
			);
		};
/* End PBXProject section */

/* Begin PBXResourcesBuildPhase section */
		E57146F01CB30F7500F5351B /* Resources */ = {
			isa = PBXResourcesBuildPhase;
			buildActionMask = 2147483647;
			files = (
				E57147051CB30F7500F5351B /* LaunchScreen.storyboard in Resources */,
				E57147021CB30F7500F5351B /* Assets.xcassets in Resources */,
				E57147001CB30F7500F5351B /* Main.storyboard in Resources */,
			);
			runOnlyForDeploymentPostprocessing = 0;
		};
/* End PBXResourcesBuildPhase section */

/* Begin PBXSourcesBuildPhase section */
		E57146EE1CB30F7500F5351B /* Sources */ = {
			isa = PBXSourcesBuildPhase;
			buildActionMask = 2147483647;
			files = (
				E57147261CB31A3700F5351B /* EventsListTableViewCell.m in Sources */,
				E57147371CB31C3A00F5351B /* DataManager.m in Sources */,
				E57147231CB31A0800F5351B /* UserProfileViewController.m in Sources */,
				E57146FA1CB30F7500F5351B /* AppDelegate.m in Sources */,
				E571472F1CB31AE600F5351B /* Event.m in Sources */,
				E571471A1CB319BD00F5351B /* MyEventViewController.m in Sources */,
				E571471D1CB319CF00F5351B /* EventInfoViewController.m in Sources */,
				E57147201CB319F000F5351B /* CreateEventViewController.m in Sources */,
				E57146F71CB30F7500F5351B /* main.m in Sources */,
				E57147171CB3199600F5351B /* EventsListViewController.m in Sources */,
				E571473A1CB31DF600F5351B /* MyProfileViewController.m in Sources */,
				E571472C1CB31ADA00F5351B /* User.m in Sources */,
				E57147291CB31A6000F5351B /* UsersCollectionViewCell.m in Sources */,
				E57147141CB3197C00F5351B /* SignUpViewController.m in Sources */,
				E57147111CB3196F00F5351B /* HomeViewController.m in Sources */,
				E57147321CB31AF300F5351B /* Request.m in Sources */,
			);
			runOnlyForDeploymentPostprocessing = 0;
		};
/* End PBXSourcesBuildPhase section */

/* Begin PBXVariantGroup section */
		E57146FE1CB30F7500F5351B /* Main.storyboard */ = {
			isa = PBXVariantGroup;
			children = (
				E57146FF1CB30F7500F5351B /* Base */,
			);
			name = Main.storyboard;
			sourceTree = "<group>";
		};
		E57147031CB30F7500F5351B /* LaunchScreen.storyboard */ = {
			isa = PBXVariantGroup;
			children = (
				E57147041CB30F7500F5351B /* Base */,
			);
			name = LaunchScreen.storyboard;
			sourceTree = "<group>";
		};
/* End PBXVariantGroup section */

/* Begin XCBuildConfiguration section */
		E57147071CB30F7500F5351B /* Debug */ = {
			isa = XCBuildConfiguration;
			buildSettings = {
				ALWAYS_SEARCH_USER_PATHS = NO;
				CLANG_ANALYZER_NONNULL = YES;
				CLANG_CXX_LANGUAGE_STANDARD = "gnu++0x";
				CLANG_CXX_LIBRARY = "libc++";
				CLANG_ENABLE_MODULES = YES;
				CLANG_ENABLE_OBJC_ARC = YES;
				CLANG_WARN_BOOL_CONVERSION = YES;
				CLANG_WARN_CONSTANT_CONVERSION = YES;
				CLANG_WARN_DIRECT_OBJC_ISA_USAGE = YES_ERROR;
				CLANG_WARN_EMPTY_BODY = YES;
				CLANG_WARN_ENUM_CONVERSION = YES;
				CLANG_WARN_INT_CONVERSION = YES;
				CLANG_WARN_OBJC_ROOT_CLASS = YES_ERROR;
				CLANG_WARN_UNREACHABLE_CODE = YES;
				CLANG_WARN__DUPLICATE_METHOD_MATCH = YES;
				"CODE_SIGN_IDENTITY[sdk=iphoneos*]" = "iPhone Developer";
				COPY_PHASE_STRIP = NO;
				DEBUG_INFORMATION_FORMAT = dwarf;
				ENABLE_STRICT_OBJC_MSGSEND = YES;
				ENABLE_TESTABILITY = YES;
				GCC_C_LANGUAGE_STANDARD = gnu99;
				GCC_DYNAMIC_NO_PIC = NO;
				GCC_NO_COMMON_BLOCKS = YES;
				GCC_OPTIMIZATION_LEVEL = 0;
				GCC_PREPROCESSOR_DEFINITIONS = (
					"DEBUG=1",
					"$(inherited)",
				);
				GCC_WARN_64_TO_32_BIT_CONVERSION = YES;
				GCC_WARN_ABOUT_RETURN_TYPE = YES_ERROR;
				GCC_WARN_UNDECLARED_SELECTOR = YES;
				GCC_WARN_UNINITIALIZED_AUTOS = YES_AGGRESSIVE;
				GCC_WARN_UNUSED_FUNCTION = YES;
				GCC_WARN_UNUSED_VARIABLE = YES;
				IPHONEOS_DEPLOYMENT_TARGET = 9.3;
				MTL_ENABLE_DEBUG_INFO = YES;
				ONLY_ACTIVE_ARCH = YES;
				SDKROOT = iphoneos;
			};
			name = Debug;
		};
		E57147081CB30F7500F5351B /* Release */ = {
			isa = XCBuildConfiguration;
			buildSettings = {
				ALWAYS_SEARCH_USER_PATHS = NO;
				CLANG_ANALYZER_NONNULL = YES;
				CLANG_CXX_LANGUAGE_STANDARD = "gnu++0x";
				CLANG_CXX_LIBRARY = "libc++";
				CLANG_ENABLE_MODULES = YES;
				CLANG_ENABLE_OBJC_ARC = YES;
				CLANG_WARN_BOOL_CONVERSION = YES;
				CLANG_WARN_CONSTANT_CONVERSION = YES;
				CLANG_WARN_DIRECT_OBJC_ISA_USAGE = YES_ERROR;
				CLANG_WARN_EMPTY_BODY = YES;
				CLANG_WARN_ENUM_CONVERSION = YES;
				CLANG_WARN_INT_CONVERSION = YES;
				CLANG_WARN_OBJC_ROOT_CLASS = YES_ERROR;
				CLANG_WARN_UNREACHABLE_CODE = YES;
				CLANG_WARN__DUPLICATE_METHOD_MATCH = YES;
				"CODE_SIGN_IDENTITY[sdk=iphoneos*]" = "iPhone Developer";
				COPY_PHASE_STRIP = NO;
				DEBUG_INFORMATION_FORMAT = "dwarf-with-dsym";
				ENABLE_NS_ASSERTIONS = NO;
				ENABLE_STRICT_OBJC_MSGSEND = YES;
				GCC_C_LANGUAGE_STANDARD = gnu99;
				GCC_NO_COMMON_BLOCKS = YES;
				GCC_WARN_64_TO_32_BIT_CONVERSION = YES;
				GCC_WARN_ABOUT_RETURN_TYPE = YES_ERROR;
				GCC_WARN_UNDECLARED_SELECTOR = YES;
				GCC_WARN_UNINITIALIZED_AUTOS = YES_AGGRESSIVE;
				GCC_WARN_UNUSED_FUNCTION = YES;
				GCC_WARN_UNUSED_VARIABLE = YES;
				IPHONEOS_DEPLOYMENT_TARGET = 9.3;
				MTL_ENABLE_DEBUG_INFO = NO;
				SDKROOT = iphoneos;
				VALIDATE_PRODUCT = YES;
			};
			name = Release;
		};
		E571470A1CB30F7500F5351B /* Debug */ = {
			isa = XCBuildConfiguration;
			buildSettings = {
				ASSETCATALOG_COMPILER_APPICON_NAME = AppIcon;
				INFOPLIST_FILE = MM/Info.plist;
				LD_RUNPATH_SEARCH_PATHS = "$(inherited) @executable_path/Frameworks";
				PRODUCT_BUNDLE_IDENTIFIER = smollica.MM;
				PRODUCT_NAME = "$(TARGET_NAME)";
			};
			name = Debug;
		};
		E571470B1CB30F7500F5351B /* Release */ = {
			isa = XCBuildConfiguration;
			buildSettings = {
				ASSETCATALOG_COMPILER_APPICON_NAME = AppIcon;
				INFOPLIST_FILE = MM/Info.plist;
				LD_RUNPATH_SEARCH_PATHS = "$(inherited) @executable_path/Frameworks";
				PRODUCT_BUNDLE_IDENTIFIER = smollica.MM;
				PRODUCT_NAME = "$(TARGET_NAME)";
			};
			name = Release;
		};
/* End XCBuildConfiguration section */

/* Begin XCConfigurationList section */
		E57146ED1CB30F7500F5351B /* Build configuration list for PBXProject "MM" */ = {
			isa = XCConfigurationList;
			buildConfigurations = (
				E57147071CB30F7500F5351B /* Debug */,
				E57147081CB30F7500F5351B /* Release */,
			);
			defaultConfigurationIsVisible = 0;
			defaultConfigurationName = Release;
		};
		E57147091CB30F7500F5351B /* Build configuration list for PBXNativeTarget "MM" */ = {
			isa = XCConfigurationList;
			buildConfigurations = (
				E571470A1CB30F7500F5351B /* Debug */,
				E571470B1CB30F7500F5351B /* Release */,
			);
			defaultConfigurationIsVisible = 0;
		};
/* End XCConfigurationList section */
	};
	rootObject = E57146EA1CB30F7500F5351B /* Project object */;
}
